
Microsoft Visual Studio Solution File, Format Version 12.00
# Visual Studio Version 16
VisualStudioVersion = 25.0.1706.0
MinimumVisualStudioVersion = 10.0.40219.1
Project("{FAE04EC0-301F-11D3-BF4B-00C04F79EFBC}") = "swetugg-public", "swetugg-public.csproj", "{A89FB1AA-6B7C-43B6-8E9C-E0581F7B8910}"
EndProject
Global
	GlobalSection(SolutionConfigurationPlatforms) = preSolution
		Debug|Any CPU = Debug|Any CPU
		Release|Any CPU = Release|Any CPU
	EndGlobalSection
	GlobalSection(ProjectConfigurationPlatforms) = postSolution
		{A89FB1AA-6B7C-43B6-8E9C-E0581F7B8910}.Debug|Any CPU.ActiveCfg = Debug|Any CPU
		{A89FB1AA-6B7C-43B6-8E9C-E0581F7B8910}.Debug|Any CPU.Build.0 = Debug|Any CPU
		{A89FB1AA-6B7C-43B6-8E9C-E0581F7B8910}.Release|Any CPU.ActiveCfg = Release|Any CPU
		{A89FB1AA-6B7C-43B6-8E9C-E0581F7B8910}.Release|Any CPU.Build.0 = Release|Any CPU
	EndGlobalSection
	GlobalSection(SolutionProperties) = preSolution
		HideSolutionNode = FALSE
	EndGlobalSection
	GlobalSection(ExtensibilityGlobals) = postSolution
		SolutionGuid = {DD7F561C-E957-41DD-868D-C7689134665B}
	EndGlobalSection
EndGlobal
